
Microsoft Visual Studio Solution File, Format Version 12.00
# Visual Studio Version 17
VisualStudioVersion = 17.5.33530.505
MinimumVisualStudioVersion = 10.0.40219.1
Project("{9A19103F-16F7-4668-BE54-9A1E7A4F7556}") = "Variables", "FirstStepsInCoding-exercise\Variables.csproj", "{9DB7E51B-B4B6-44C0-813A-9BA02C94DB8C}"
EndProject
Project("{9A19103F-16F7-4668-BE54-9A1E7A4F7556}") = "ConsoleApp1", "ConsoleApp1\ConsoleApp1.csproj", "{A6F46C40-7104-4BAD-921F-69FEBA6EB9F1}"
EndProject
Project("{9A19103F-16F7-4668-BE54-9A1E7A4F7556}") = "stringHelloSoftUni", "stringHelloSoftUni\stringHelloSoftUni.csproj", "{4CE7E865-DD6A-450C-85DF-FE899E2D402A}"
EndProject
Project("{9A19103F-16F7-4668-BE54-9A1E7A4F7556}") = "USD to BGN условие", "USD to BGN\USD to BGN условие.csproj", "{DA3E0D5D-9D32-4425-95B1-BD5DEF4632F9}"
EndProject
Project("{9A19103F-16F7-4668-BE54-9A1E7A4F7556}") = "USD to BGN task", "USD to BGN task\USD to BGN task.csproj", "{34A9E93F-FC72-4B93-86C8-67D9DA4ED193}"
EndProject
Project("{9A19103F-16F7-4668-BE54-9A1E7A4F7556}") = "Radians to Degrees", "Radians to Degrees\Radians to Degrees.csproj", "{A159DC0E-5D31-48B9-869C-006381E7BEF1}"
EndProject
Project("{9A19103F-16F7-4668-BE54-9A1E7A4F7556}") = "Radians to degrees task", "Radians to degrees task\Radians to degrees task.csproj", "{AE26D98C-2550-4F64-9716-CD6F396B756B}"
EndProject
Project("{9A19103F-16F7-4668-BE54-9A1E7A4F7556}") = "Deposit calculator", "Deposit calculator\Deposit calculator.csproj", "{C1FC5AAB-D232-490C-8361-7A6436C3D535}"
EndProject
Project("{9A19103F-16F7-4668-BE54-9A1E7A4F7556}") = "Vacation Book List", "Vacation Book List\Vacation Book List.csproj", "{3EDF831D-0215-44D5-8AD0-156BC56987D6}"
EndProject
Project("{9A19103F-16F7-4668-BE54-9A1E7A4F7556}") = "Basketball Equipment", "Basketball Equipment\Basketball Equipment.csproj", "{D290330A-CDBF-4549-A357-1E759B3209AC}"
EndProject
Project("{9A19103F-16F7-4668-BE54-9A1E7A4F7556}") = "Food delivery", "Food delivery\Food delivery.csproj", "{FC51CB7C-C0E4-46EF-9C64-FDF4C2DF7ADD}"
EndProject
Project("{9A19103F-16F7-4668-BE54-9A1E7A4F7556}") = "SuppliesForSchool", "SuppliesForSchool\SuppliesForSchool.csproj", "{EE8D0FF5-EC72-43FE-9982-88DF55C9674C}"
EndProject
Project("{9A19103F-16F7-4668-BE54-9A1E7A4F7556}") = "Repainting1", "Repainting1\Repainting1.csproj", "{6B0FC31B-E716-496B-96D2-9FD7EB85C0D5}"
EndProject
Project("{9A19103F-16F7-4668-BE54-9A1E7A4F7556}") = "FishTank", "FishTank\FishTank.csproj", "{DA8B0DBE-FD16-4E60-A746-BFA07E6B28C9}"
EndProject
Project("{9A19103F-16F7-4668-BE54-9A1E7A4F7556}") = "TrapezoidArea", "TrapezoidArea\TrapezoidArea.csproj", "{9DA03E62-6EE7-4AFD-A86F-E66BC74183D7}"
EndProject
Project("{9A19103F-16F7-4668-BE54-9A1E7A4F7556}") = "TriangleArea", "TriangleArea\TriangleArea.csproj", "{514858E4-FB48-419B-89AA-15A3A7C34822}"
EndProject
Project("{9A19103F-16F7-4668-BE54-9A1E7A4F7556}") = "CelsiusToFahrenheit", "CelsiusToFahrenheit\CelsiusToFahrenheit.csproj", "{9E74A75A-0B42-4A50-82AC-7FF119527A32}"
EndProject
Project("{9A19103F-16F7-4668-BE54-9A1E7A4F7556}") = "VegetableMarket", "VegetableMarket\VegetableMarket.csproj", "{7D7EA5FF-A4B3-4F1A-BB11-34AE26924637}"
EndProject
Project("{9A19103F-16F7-4668-BE54-9A1E7A4F7556}") = "TrainingLab", "TrainingLab\TrainingLab.csproj", "{8811B8F5-C4AF-42C5-9BC3-9098A4F8FE1C}"
EndProject
Project("{9A19103F-16F7-4668-BE54-9A1E7A4F7556}") = "SumSeconds", "SumSeconds\SumSeconds.csproj", "{B710DAB9-2AC6-498F-8688-66C1237EF5CC}"
EndProject
Project("{9A19103F-16F7-4668-BE54-9A1E7A4F7556}") = "BonusScore", "BonusScore\BonusScore.csproj", "{A5834C52-EFF5-442D-A3C1-A0524BC69E2E}"
EndProject
Project("{9A19103F-16F7-4668-BE54-9A1E7A4F7556}") = "Time+15Minutes", "Time+15Minutes\Time+15Minutes.csproj", "{9A2C3A7D-7487-4025-B1EB-AB9A5331A48B}"
EndProject
Project("{9A19103F-16F7-4668-BE54-9A1E7A4F7556}") = "Godzilla vs Kong", "Godzilla vs Kong\Godzilla vs Kong.csproj", "{6E5F5FEC-9B27-430C-AB93-7CC33962C5F0}"
EndProject
Project("{9A19103F-16F7-4668-BE54-9A1E7A4F7556}") = "Math.Abs", "ConsoleApp2\Math.Abs.csproj", "{9B1C25D3-51A3-48EE-86E3-18823420D255}"
EndProject
Project("{9A19103F-16F7-4668-BE54-9A1E7A4F7556}") = "WorldSwimmingRecord", "WorldSwimmingRecord\WorldSwimmingRecord.csproj", "{199A63BF-F7F8-4BC2-8B67-4F09DEFB2F05}"
EndProject
Project("{9A19103F-16F7-4668-BE54-9A1E7A4F7556}") = "LunchBreak", "LunchBreak\LunchBreak.csproj", "{9657D766-200A-47F4-A161-C7A437BCC4D3}"
EndProject
Project("{9A19103F-16F7-4668-BE54-9A1E7A4F7556}") = "ToyShop", "ToyShop\ToyShop.csproj", "{F5CC64FE-3F00-4F64-AA4C-13B459087B18}"
EndProject
Project("{9A19103F-16F7-4668-BE54-9A1E7A4F7556}") = "Shopping", "Shopping\Shopping.csproj", "{13AB6603-CB25-40D0-9091-15BE973D3F88}"
EndProject
Project("{9A19103F-16F7-4668-BE54-9A1E7A4F7556}") = "PipesInPool", "PipesInPool\PipesInPool.csproj", "{8A161CE8-DBAE-46EC-A962-9F63656BEB45}"
EndProject
Project("{9A19103F-16F7-4668-BE54-9A1E7A4F7556}") = "SleepyTomyCat", "SleepyTomyCat\SleepyTomyCat.csproj", "{7DBB7E43-96A8-4B3E-83FC-51F4EEAD9CC5}"
EndProject
Project("{9A19103F-16F7-4668-BE54-9A1E7A4F7556}") = "Harvest", "Harvest\Harvest.csproj", "{992A8791-332E-4275-A773-48271043587D}"
EndProject
Project("{9A19103F-16F7-4668-BE54-9A1E7A4F7556}") = "TransportPrice", "TransportPrice\TransportPrice.csproj", "{C9CC24F4-08DA-477C-AADA-FC15913A6A9C}"
EndProject
Project("{9A19103F-16F7-4668-BE54-9A1E7A4F7556}") = "Pets", "Pets\Pets.csproj", "{48DC6208-3CBF-461F-A355-24F9C53863D4}"
EndProject
Project("{9A19103F-16F7-4668-BE54-9A1E7A4F7556}") = "FlowerShop", "FlowerShop\FlowerShop.csproj", "{DF328D6D-8C43-48F6-A401-5FCEEB46E1ED}"
EndProject
Project("{9A19103F-16F7-4668-BE54-9A1E7A4F7556}") = "FuelTank", "FuelTank\FuelTank.csproj", "{C2ADDAC1-348A-4AC3-8957-7BA566C40D05}"
EndProject
Project("{9A19103F-16F7-4668-BE54-9A1E7A4F7556}") = "Fishland", "Fishland\Fishland.csproj", "{E790AB57-8CB1-46DF-956A-3605ACB4C9F1}"
EndProject
Project("{9A19103F-16F7-4668-BE54-9A1E7A4F7556}") = "HousePainting", "HousePainting\HousePainting.csproj", "{21D2B5BB-50BA-4DDE-BA80-51C0A2DC35B0}"
EndProject
Project("{FAE04EC0-301F-11D3-BF4B-00C04F79EFBC}") = "CircleAreaAndPerimeter", "CircleAreaAndPerimeter\CircleAreaAndPerimeter.csproj", "{4005C327-AE81-43C5-8C09-1DB9B062921E}"
EndProject
Project("{FAE04EC0-301F-11D3-BF4B-00C04F79EFBC}") = "WeatherForecast", "WeatherForecast\WeatherForecast.csproj", "{E38CB872-60A3-40F1-AB1C-A57954913A61}"
EndProject
Project("{FAE04EC0-301F-11D3-BF4B-00C04F79EFBC}") = "WeatherForecast2", "WeatherForecast2\WeatherForecast2.csproj", "{B6D0CFC4-68C7-4BB7-8F86-1A427AA5042E}"
EndProject
Project("{FAE04EC0-301F-11D3-BF4B-00C04F79EFBC}") = "DayOfWeek", "DayOfWeek\DayOfWeek.csproj", "{9E357420-9171-46A9-93D4-8639AC8D8A3D}"
EndProject
Global
	GlobalSection(SolutionConfigurationPlatforms) = preSolution
		Debug|Any CPU = Debug|Any CPU
		Release|Any CPU = Release|Any CPU
	EndGlobalSection
	GlobalSection(ProjectConfigurationPlatforms) = postSolution
		{9DB7E51B-B4B6-44C0-813A-9BA02C94DB8C}.Debug|Any CPU.ActiveCfg = Debug|Any CPU
		{9DB7E51B-B4B6-44C0-813A-9BA02C94DB8C}.Debug|Any CPU.Build.0 = Debug|Any CPU
		{9DB7E51B-B4B6-44C0-813A-9BA02C94DB8C}.Release|Any CPU.ActiveCfg = Release|Any CPU
		{9DB7E51B-B4B6-44C0-813A-9BA02C94DB8C}.Release|Any CPU.Build.0 = Release|Any CPU
		{A6F46C40-7104-4BAD-921F-69FEBA6EB9F1}.Debug|Any CPU.ActiveCfg = Debug|Any CPU
		{A6F46C40-7104-4BAD-921F-69FEBA6EB9F1}.Debug|Any CPU.Build.0 = Debug|Any CPU
		{A6F46C40-7104-4BAD-921F-69FEBA6EB9F1}.Release|Any CPU.ActiveCfg = Release|Any CPU
		{A6F46C40-7104-4BAD-921F-69FEBA6EB9F1}.Release|Any CPU.Build.0 = Release|Any CPU
		{4CE7E865-DD6A-450C-85DF-FE899E2D402A}.Debug|Any CPU.ActiveCfg = Debug|Any CPU
		{4CE7E865-DD6A-450C-85DF-FE899E2D402A}.Debug|Any CPU.Build.0 = Debug|Any CPU
		{4CE7E865-DD6A-450C-85DF-FE899E2D402A}.Release|Any CPU.ActiveCfg = Release|Any CPU
		{4CE7E865-DD6A-450C-85DF-FE899E2D402A}.Release|Any CPU.Build.0 = Release|Any CPU
		{DA3E0D5D-9D32-4425-95B1-BD5DEF4632F9}.Debug|Any CPU.ActiveCfg = Debug|Any CPU
		{DA3E0D5D-9D32-4425-95B1-BD5DEF4632F9}.Debug|Any CPU.Build.0 = Debug|Any CPU
		{DA3E0D5D-9D32-4425-95B1-BD5DEF4632F9}.Release|Any CPU.ActiveCfg = Release|Any CPU
		{DA3E0D5D-9D32-4425-95B1-BD5DEF4632F9}.Release|Any CPU.Build.0 = Release|Any CPU
		{34A9E93F-FC72-4B93-86C8-67D9DA4ED193}.Debug|Any CPU.ActiveCfg = Debug|Any CPU
		{34A9E93F-FC72-4B93-86C8-67D9DA4ED193}.Debug|Any CPU.Build.0 = Debug|Any CPU
		{34A9E93F-FC72-4B93-86C8-67D9DA4ED193}.Release|Any CPU.ActiveCfg = Release|Any CPU
		{34A9E93F-FC72-4B93-86C8-67D9DA4ED193}.Release|Any CPU.Build.0 = Release|Any CPU
		{A159DC0E-5D31-48B9-869C-006381E7BEF1}.Debug|Any CPU.ActiveCfg = Debug|Any CPU
		{A159DC0E-5D31-48B9-869C-006381E7BEF1}.Debug|Any CPU.Build.0 = Debug|Any CPU
		{A159DC0E-5D31-48B9-869C-006381E7BEF1}.Release|Any CPU.ActiveCfg = Release|Any CPU
		{A159DC0E-5D31-48B9-869C-006381E7BEF1}.Release|Any CPU.Build.0 = Release|Any CPU
		{AE26D98C-2550-4F64-9716-CD6F396B756B}.Debug|Any CPU.ActiveCfg = Debug|Any CPU
		{AE26D98C-2550-4F64-9716-CD6F396B756B}.Debug|Any CPU.Build.0 = Debug|Any CPU
		{AE26D98C-2550-4F64-9716-CD6F396B756B}.Release|Any CPU.ActiveCfg = Release|Any CPU
		{AE26D98C-2550-4F64-9716-CD6F396B756B}.Release|Any CPU.Build.0 = Release|Any CPU
		{C1FC5AAB-D232-490C-8361-7A6436C3D535}.Debug|Any CPU.ActiveCfg = Debug|Any CPU
		{C1FC5AAB-D232-490C-8361-7A6436C3D535}.Debug|Any CPU.Build.0 = Debug|Any CPU
		{C1FC5AAB-D232-490C-8361-7A6436C3D535}.Release|Any CPU.ActiveCfg = Release|Any CPU
		{C1FC5AAB-D232-490C-8361-7A6436C3D535}.Release|Any CPU.Build.0 = Release|Any CPU
		{3EDF831D-0215-44D5-8AD0-156BC56987D6}.Debug|Any CPU.ActiveCfg = Debug|Any CPU
		{3EDF831D-0215-44D5-8AD0-156BC56987D6}.Debug|Any CPU.Build.0 = Debug|Any CPU
		{3EDF831D-0215-44D5-8AD0-156BC56987D6}.Release|Any CPU.ActiveCfg = Release|Any CPU
		{3EDF831D-0215-44D5-8AD0-156BC56987D6}.Release|Any CPU.Build.0 = Release|Any CPU
		{D290330A-CDBF-4549-A357-1E759B3209AC}.Debug|Any CPU.ActiveCfg = Debug|Any CPU
		{D290330A-CDBF-4549-A357-1E759B3209AC}.Debug|Any CPU.Build.0 = Debug|Any CPU
		{D290330A-CDBF-4549-A357-1E759B3209AC}.Release|Any CPU.ActiveCfg = Release|Any CPU
		{D290330A-CDBF-4549-A357-1E759B3209AC}.Release|Any CPU.Build.0 = Release|Any CPU
		{FC51CB7C-C0E4-46EF-9C64-FDF4C2DF7ADD}.Debug|Any CPU.ActiveCfg = Debug|Any CPU
		{FC51CB7C-C0E4-46EF-9C64-FDF4C2DF7ADD}.Debug|Any CPU.Build.0 = Debug|Any CPU
		{FC51CB7C-C0E4-46EF-9C64-FDF4C2DF7ADD}.Release|Any CPU.ActiveCfg = Release|Any CPU
		{FC51CB7C-C0E4-46EF-9C64-FDF4C2DF7ADD}.Release|Any CPU.Build.0 = Release|Any CPU
		{EE8D0FF5-EC72-43FE-9982-88DF55C9674C}.Debug|Any CPU.ActiveCfg = Debug|Any CPU
		{EE8D0FF5-EC72-43FE-9982-88DF55C9674C}.Debug|Any CPU.Build.0 = Debug|Any CPU
		{EE8D0FF5-EC72-43FE-9982-88DF55C9674C}.Release|Any CPU.ActiveCfg = Release|Any CPU
		{EE8D0FF5-EC72-43FE-9982-88DF55C9674C}.Release|Any CPU.Build.0 = Release|Any CPU
		{6B0FC31B-E716-496B-96D2-9FD7EB85C0D5}.Debug|Any CPU.ActiveCfg = Debug|Any CPU
		{6B0FC31B-E716-496B-96D2-9FD7EB85C0D5}.Debug|Any CPU.Build.0 = Debug|Any CPU
		{6B0FC31B-E716-496B-96D2-9FD7EB85C0D5}.Release|Any CPU.ActiveCfg = Release|Any CPU
		{6B0FC31B-E716-496B-96D2-9FD7EB85C0D5}.Release|Any CPU.Build.0 = Release|Any CPU
		{DA8B0DBE-FD16-4E60-A746-BFA07E6B28C9}.Debug|Any CPU.ActiveCfg = Debug|Any CPU
		{DA8B0DBE-FD16-4E60-A746-BFA07E6B28C9}.Debug|Any CPU.Build.0 = Debug|Any CPU
		{DA8B0DBE-FD16-4E60-A746-BFA07E6B28C9}.Release|Any CPU.ActiveCfg = Release|Any CPU
		{DA8B0DBE-FD16-4E60-A746-BFA07E6B28C9}.Release|Any CPU.Build.0 = Release|Any CPU
		{9DA03E62-6EE7-4AFD-A86F-E66BC74183D7}.Debug|Any CPU.ActiveCfg = Debug|Any CPU
		{9DA03E62-6EE7-4AFD-A86F-E66BC74183D7}.Debug|Any CPU.Build.0 = Debug|Any CPU
		{9DA03E62-6EE7-4AFD-A86F-E66BC74183D7}.Release|Any CPU.ActiveCfg = Release|Any CPU
		{9DA03E62-6EE7-4AFD-A86F-E66BC74183D7}.Release|Any CPU.Build.0 = Release|Any CPU
		{514858E4-FB48-419B-89AA-15A3A7C34822}.Debug|Any CPU.ActiveCfg = Debug|Any CPU
		{514858E4-FB48-419B-89AA-15A3A7C34822}.Debug|Any CPU.Build.0 = Debug|Any CPU
		{514858E4-FB48-419B-89AA-15A3A7C34822}.Release|Any CPU.ActiveCfg = Release|Any CPU
		{514858E4-FB48-419B-89AA-15A3A7C34822}.Release|Any CPU.Build.0 = Release|Any CPU
		{9E74A75A-0B42-4A50-82AC-7FF119527A32}.Debug|Any CPU.ActiveCfg = Debug|Any CPU
		{9E74A75A-0B42-4A50-82AC-7FF119527A32}.Debug|Any CPU.Build.0 = Debug|Any CPU
		{9E74A75A-0B42-4A50-82AC-7FF119527A32}.Release|Any CPU.ActiveCfg = Release|Any CPU
		{9E74A75A-0B42-4A50-82AC-7FF119527A32}.Release|Any CPU.Build.0 = Release|Any CPU
		{7D7EA5FF-A4B3-4F1A-BB11-34AE26924637}.Debug|Any CPU.ActiveCfg = Debug|Any CPU
		{7D7EA5FF-A4B3-4F1A-BB11-34AE26924637}.Debug|Any CPU.Build.0 = Debug|Any CPU
		{7D7EA5FF-A4B3-4F1A-BB11-34AE26924637}.Release|Any CPU.ActiveCfg = Release|Any CPU
		{7D7EA5FF-A4B3-4F1A-BB11-34AE26924637}.Release|Any CPU.Build.0 = Release|Any CPU
		{8811B8F5-C4AF-42C5-9BC3-9098A4F8FE1C}.Debug|Any CPU.ActiveCfg = Debug|Any CPU
		{8811B8F5-C4AF-42C5-9BC3-9098A4F8FE1C}.Debug|Any CPU.Build.0 = Debug|Any CPU
		{8811B8F5-C4AF-42C5-9BC3-9098A4F8FE1C}.Release|Any CPU.ActiveCfg = Release|Any CPU
		{8811B8F5-C4AF-42C5-9BC3-9098A4F8FE1C}.Release|Any CPU.Build.0 = Release|Any CPU
		{B710DAB9-2AC6-498F-8688-66C1237EF5CC}.Debug|Any CPU.ActiveCfg = Debug|Any CPU
		{B710DAB9-2AC6-498F-8688-66C1237EF5CC}.Debug|Any CPU.Build.0 = Debug|Any CPU
		{B710DAB9-2AC6-498F-8688-66C1237EF5CC}.Release|Any CPU.ActiveCfg = Release|Any CPU
		{B710DAB9-2AC6-498F-8688-66C1237EF5CC}.Release|Any CPU.Build.0 = Release|Any CPU
		{A5834C52-EFF5-442D-A3C1-A0524BC69E2E}.Debug|Any CPU.ActiveCfg = Debug|Any CPU
		{A5834C52-EFF5-442D-A3C1-A0524BC69E2E}.Debug|Any CPU.Build.0 = Debug|Any CPU
		{A5834C52-EFF5-442D-A3C1-A0524BC69E2E}.Release|Any CPU.ActiveCfg = Release|Any CPU
		{A5834C52-EFF5-442D-A3C1-A0524BC69E2E}.Release|Any CPU.Build.0 = Release|Any CPU
		{9A2C3A7D-7487-4025-B1EB-AB9A5331A48B}.Debug|Any CPU.ActiveCfg = Debug|Any CPU
		{9A2C3A7D-7487-4025-B1EB-AB9A5331A48B}.Debug|Any CPU.Build.0 = Debug|Any CPU
		{9A2C3A7D-7487-4025-B1EB-AB9A5331A48B}.Release|Any CPU.ActiveCfg = Release|Any CPU
		{9A2C3A7D-7487-4025-B1EB-AB9A5331A48B}.Release|Any CPU.Build.0 = Release|Any CPU
		{6E5F5FEC-9B27-430C-AB93-7CC33962C5F0}.Debug|Any CPU.ActiveCfg = Debug|Any CPU
		{6E5F5FEC-9B27-430C-AB93-7CC33962C5F0}.Debug|Any CPU.Build.0 = Debug|Any CPU
		{6E5F5FEC-9B27-430C-AB93-7CC33962C5F0}.Release|Any CPU.ActiveCfg = Release|Any CPU
		{6E5F5FEC-9B27-430C-AB93-7CC33962C5F0}.Release|Any CPU.Build.0 = Release|Any CPU
		{9B1C25D3-51A3-48EE-86E3-18823420D255}.Debug|Any CPU.ActiveCfg = Debug|Any CPU
		{9B1C25D3-51A3-48EE-86E3-18823420D255}.Debug|Any CPU.Build.0 = Debug|Any CPU
		{9B1C25D3-51A3-48EE-86E3-18823420D255}.Release|Any CPU.ActiveCfg = Release|Any CPU
		{9B1C25D3-51A3-48EE-86E3-18823420D255}.Release|Any CPU.Build.0 = Release|Any CPU
		{199A63BF-F7F8-4BC2-8B67-4F09DEFB2F05}.Debug|Any CPU.ActiveCfg = Debug|Any CPU
		{199A63BF-F7F8-4BC2-8B67-4F09DEFB2F05}.Debug|Any CPU.Build.0 = Debug|Any CPU
		{199A63BF-F7F8-4BC2-8B67-4F09DEFB2F05}.Release|Any CPU.ActiveCfg = Release|Any CPU
		{199A63BF-F7F8-4BC2-8B67-4F09DEFB2F05}.Release|Any CPU.Build.0 = Release|Any CPU
		{9657D766-200A-47F4-A161-C7A437BCC4D3}.Debug|Any CPU.ActiveCfg = Debug|Any CPU
		{9657D766-200A-47F4-A161-C7A437BCC4D3}.Debug|Any CPU.Build.0 = Debug|Any CPU
		{9657D766-200A-47F4-A161-C7A437BCC4D3}.Release|Any CPU.ActiveCfg = Release|Any CPU
		{9657D766-200A-47F4-A161-C7A437BCC4D3}.Release|Any CPU.Build.0 = Release|Any CPU
		{F5CC64FE-3F00-4F64-AA4C-13B459087B18}.Debug|Any CPU.ActiveCfg = Debug|Any CPU
		{F5CC64FE-3F00-4F64-AA4C-13B459087B18}.Debug|Any CPU.Build.0 = Debug|Any CPU
		{F5CC64FE-3F00-4F64-AA4C-13B459087B18}.Release|Any CPU.ActiveCfg = Release|Any CPU
		{F5CC64FE-3F00-4F64-AA4C-13B459087B18}.Release|Any CPU.Build.0 = Release|Any CPU
		{13AB6603-CB25-40D0-9091-15BE973D3F88}.Debug|Any CPU.ActiveCfg = Debug|Any CPU
		{13AB6603-CB25-40D0-9091-15BE973D3F88}.Debug|Any CPU.Build.0 = Debug|Any CPU
		{13AB6603-CB25-40D0-9091-15BE973D3F88}.Release|Any CPU.ActiveCfg = Release|Any CPU
		{13AB6603-CB25-40D0-9091-15BE973D3F88}.Release|Any CPU.Build.0 = Release|Any CPU
		{8A161CE8-DBAE-46EC-A962-9F63656BEB45}.Debug|Any CPU.ActiveCfg = Debug|Any CPU
		{8A161CE8-DBAE-46EC-A962-9F63656BEB45}.Debug|Any CPU.Build.0 = Debug|Any CPU
		{8A161CE8-DBAE-46EC-A962-9F63656BEB45}.Release|Any CPU.ActiveCfg = Release|Any CPU
		{8A161CE8-DBAE-46EC-A962-9F63656BEB45}.Release|Any CPU.Build.0 = Release|Any CPU
		{7DBB7E43-96A8-4B3E-83FC-51F4EEAD9CC5}.Debug|Any CPU.ActiveCfg = Debug|Any CPU
		{7DBB7E43-96A8-4B3E-83FC-51F4EEAD9CC5}.Debug|Any CPU.Build.0 = Debug|Any CPU
		{7DBB7E43-96A8-4B3E-83FC-51F4EEAD9CC5}.Release|Any CPU.ActiveCfg = Release|Any CPU
		{7DBB7E43-96A8-4B3E-83FC-51F4EEAD9CC5}.Release|Any CPU.Build.0 = Release|Any CPU
		{992A8791-332E-4275-A773-48271043587D}.Debug|Any CPU.ActiveCfg = Debug|Any CPU
		{992A8791-332E-4275-A773-48271043587D}.Debug|Any CPU.Build.0 = Debug|Any CPU
		{992A8791-332E-4275-A773-48271043587D}.Release|Any CPU.ActiveCfg = Release|Any CPU
		{992A8791-332E-4275-A773-48271043587D}.Release|Any CPU.Build.0 = Release|Any CPU
		{C9CC24F4-08DA-477C-AADA-FC15913A6A9C}.Debug|Any CPU.ActiveCfg = Debug|Any CPU
		{C9CC24F4-08DA-477C-AADA-FC15913A6A9C}.Debug|Any CPU.Build.0 = Debug|Any CPU
		{C9CC24F4-08DA-477C-AADA-FC15913A6A9C}.Release|Any CPU.ActiveCfg = Release|Any CPU
		{C9CC24F4-08DA-477C-AADA-FC15913A6A9C}.Release|Any CPU.Build.0 = Release|Any CPU
		{48DC6208-3CBF-461F-A355-24F9C53863D4}.Debug|Any CPU.ActiveCfg = Debug|Any CPU
		{48DC6208-3CBF-461F-A355-24F9C53863D4}.Debug|Any CPU.Build.0 = Debug|Any CPU
		{48DC6208-3CBF-461F-A355-24F9C53863D4}.Release|Any CPU.ActiveCfg = Release|Any CPU
		{48DC6208-3CBF-461F-A355-24F9C53863D4}.Release|Any CPU.Build.0 = Release|Any CPU
		{DF328D6D-8C43-48F6-A401-5FCEEB46E1ED}.Debug|Any CPU.ActiveCfg = Debug|Any CPU
		{DF328D6D-8C43-48F6-A401-5FCEEB46E1ED}.Debug|Any CPU.Build.0 = Debug|Any CPU
		{DF328D6D-8C43-48F6-A401-5FCEEB46E1ED}.Release|Any CPU.ActiveCfg = Release|Any CPU
		{DF328D6D-8C43-48F6-A401-5FCEEB46E1ED}.Release|Any CPU.Build.0 = Release|Any CPU
		{C2ADDAC1-348A-4AC3-8957-7BA566C40D05}.Debug|Any CPU.ActiveCfg = Debug|Any CPU
		{C2ADDAC1-348A-4AC3-8957-7BA566C40D05}.Debug|Any CPU.Build.0 = Debug|Any CPU
		{C2ADDAC1-348A-4AC3-8957-7BA566C40D05}.Release|Any CPU.ActiveCfg = Release|Any CPU
		{C2ADDAC1-348A-4AC3-8957-7BA566C40D05}.Release|Any CPU.Build.0 = Release|Any CPU
		{E790AB57-8CB1-46DF-956A-3605ACB4C9F1}.Debug|Any CPU.ActiveCfg = Debug|Any CPU
		{E790AB57-8CB1-46DF-956A-3605ACB4C9F1}.Debug|Any CPU.Build.0 = Debug|Any CPU
		{E790AB57-8CB1-46DF-956A-3605ACB4C9F1}.Release|Any CPU.ActiveCfg = Release|Any CPU
		{E790AB57-8CB1-46DF-956A-3605ACB4C9F1}.Release|Any CPU.Build.0 = Release|Any CPU
		{21D2B5BB-50BA-4DDE-BA80-51C0A2DC35B0}.Debug|Any CPU.ActiveCfg = Debug|Any CPU
		{21D2B5BB-50BA-4DDE-BA80-51C0A2DC35B0}.Debug|Any CPU.Build.0 = Debug|Any CPU
		{21D2B5BB-50BA-4DDE-BA80-51C0A2DC35B0}.Release|Any CPU.ActiveCfg = Release|Any CPU
		{21D2B5BB-50BA-4DDE-BA80-51C0A2DC35B0}.Release|Any CPU.Build.0 = Release|Any CPU
		{4005C327-AE81-43C5-8C09-1DB9B062921E}.Debug|Any CPU.ActiveCfg = Debug|Any CPU
		{4005C327-AE81-43C5-8C09-1DB9B062921E}.Debug|Any CPU.Build.0 = Debug|Any CPU
		{4005C327-AE81-43C5-8C09-1DB9B062921E}.Release|Any CPU.ActiveCfg = Release|Any CPU
		{4005C327-AE81-43C5-8C09-1DB9B062921E}.Release|Any CPU.Build.0 = Release|Any CPU
		{E38CB872-60A3-40F1-AB1C-A57954913A61}.Debug|Any CPU.ActiveCfg = Debug|Any CPU
		{E38CB872-60A3-40F1-AB1C-A57954913A61}.Debug|Any CPU.Build.0 = Debug|Any CPU
		{E38CB872-60A3-40F1-AB1C-A57954913A61}.Release|Any CPU.ActiveCfg = Release|Any CPU
		{E38CB872-60A3-40F1-AB1C-A57954913A61}.Release|Any CPU.Build.0 = Release|Any CPU
		{B6D0CFC4-68C7-4BB7-8F86-1A427AA5042E}.Debug|Any CPU.ActiveCfg = Debug|Any CPU
		{B6D0CFC4-68C7-4BB7-8F86-1A427AA5042E}.Debug|Any CPU.Build.0 = Debug|Any CPU
		{B6D0CFC4-68C7-4BB7-8F86-1A427AA5042E}.Release|Any CPU.ActiveCfg = Release|Any CPU
		{B6D0CFC4-68C7-4BB7-8F86-1A427AA5042E}.Release|Any CPU.Build.0 = Release|Any CPU
		{9E357420-9171-46A9-93D4-8639AC8D8A3D}.Debug|Any CPU.ActiveCfg = Debug|Any CPU
		{9E357420-9171-46A9-93D4-8639AC8D8A3D}.Debug|Any CPU.Build.0 = Debug|Any CPU
		{9E357420-9171-46A9-93D4-8639AC8D8A3D}.Release|Any CPU.ActiveCfg = Release|Any CPU
		{9E357420-9171-46A9-93D4-8639AC8D8A3D}.Release|Any CPU.Build.0 = Release|Any CPU
	EndGlobalSection
	GlobalSection(SolutionProperties) = preSolution
		HideSolutionNode = FALSE
	EndGlobalSection
	GlobalSection(ExtensibilityGlobals) = postSolution
		SolutionGuid = {96CFEE78-5417-4E1E-99BB-B7167D59B9A2}
	EndGlobalSection
EndGlobal
